
Microsoft Visual Studio Solution File, Format Version 12.00
# Visual Studio 15
VisualStudioVersion = 15.0.27428.2037
MinimumVisualStudioVersion = 10.0.40219.1
Project("{9A19103F-16F7-4668-BE54-9A1E7A4F7556}") = "ContosoUniversity.WebApplication", "ContosoUniversity.WebApplication\ContosoUniversity.WebApplication.csproj", "{76DDF82E-58A3-4122-844D-151CA2C81F9E}"
EndProject
Project("{FAE04EC0-301F-11D3-BF4B-00C04F79EFBC}") = "ContosoUniversity.API", "ContosoUniversity.API\ContosoUniversity.API.csproj", "{DF42193F-5EFE-4FD1-9E14-3A4D4F7BB4AB}"
EndProject
Global
	GlobalSection(SolutionConfigurationPlatforms) = preSolution
		Debug|Any CPU = Debug|Any CPU
		Release|Any CPU = Release|Any CPU
	EndGlobalSection
	GlobalSection(ProjectConfigurationPlatforms) = postSolution
		{76DDF82E-58A3-4122-844D-151CA2C81F9E}.Debug|Any CPU.ActiveCfg = Debug|Any CPU
		{76DDF82E-58A3-4122-844D-151CA2C81F9E}.Debug|Any CPU.Build.0 = Debug|Any CPU
		{76DDF82E-58A3-4122-844D-151CA2C81F9E}.Release|Any CPU.ActiveCfg = Release|Any CPU
		{76DDF82E-58A3-4122-844D-151CA2C81F9E}.Release|Any CPU.Build.0 = Release|Any CPU
		{DF42193F-5EFE-4FD1-9E14-3A4D4F7BB4AB}.Debug|Any CPU.ActiveCfg = Debug|Any CPU
		{DF42193F-5EFE-4FD1-9E14-3A4D4F7BB4AB}.Debug|Any CPU.Build.0 = Debug|Any CPU
		{DF42193F-5EFE-4FD1-9E14-3A4D4F7BB4AB}.Release|Any CPU.ActiveCfg = Release|Any CPU
		{DF42193F-5EFE-4FD1-9E14-3A4D4F7BB4AB}.Release|Any CPU.Build.0 = Release|Any CPU
	EndGlobalSection
	GlobalSection(SolutionProperties) = preSolution
		HideSolutionNode = FALSE
	EndGlobalSection
	GlobalSection(ExtensibilityGlobals) = postSolution
		SolutionGuid = {08BCE680-4B87-4F9D-AE2C-60BC289C5588}
	EndGlobalSection
EndGlobal
