
Microsoft Visual Studio Solution File, Format Version 12.00
# Visual Studio Version 16
VisualStudioVersion = 16.0.30225.117
MinimumVisualStudioVersion = 10.0.40219.1
Project("{9A19103F-16F7-4668-BE54-9A1E7A4F7556}") = "ContosoUniversity.WebApplication", "ContosoUniversity.WebApplication\ContosoUniversity.WebApplication.csproj", "{76DDF82E-58A3-4122-844D-151CA2C81F9E}"
EndProject
Project("{9A19103F-16F7-4668-BE54-9A1E7A4F7556}") = "ContosoUniversity.API", "ContosoUniversity.API\ContosoUniversity.API.csproj", "{DF42193F-5EFE-4FD1-9E14-3A4D4F7BB4AB}"
EndProject
Project("{9A19103F-16F7-4668-BE54-9A1E7A4F7556}") = "ContosoUniversity.CodedUITest", "ContosoUniversity.CodedUITest\ContosoUniversity.CodedUITest.csproj", "{0FC969C1-3DC0-4A33-BF27-7196E51BFD03}"
EndProject
Project("{2150E333-8FDC-42A3-9474-1A3956D46DE8}") = "Solution Items", "Solution Items", "{569130D4-9E75-4429-B710-DD15CBA6330A}"
	ProjectSection(SolutionItems) = preProject
		.dockerignore = .dockerignore
		docker-compose.override.yml = docker-compose.override.yml
		docker-compose.yml = docker-compose.yml
		kubernetes-webapi.yaml = kubernetes-webapi.yaml
		kubernetes-webapp.yaml = kubernetes-webapp.yaml
		Local.testsettings = Local.testsettings
	EndProjectSection
EndProject
Project("{FAE04EC0-301F-11D3-BF4B-00C04F79EFBC}") = "ContosoUniversity.WebAndLoadTest", "ContosoUniversity.WebAndLoadTest\ContosoUniversity.WebAndLoadTest.csproj", "{03F149A4-D2DD-4168-855F-80785AF18340}"
EndProject
Project("{151D2E53-A2C4-4D7D-83FE-D05416EBD58E}") = "ContosoUniversity.AzureResourceGroup", "ContosoUniversity.AzureResourceGroup\ContosoUniversity.AzureResourceGroup.deployproj", "{E56A1BCA-90F3-4D03-9DD1-3361B04F4840}"
EndProject
Project("{9A19103F-16F7-4668-BE54-9A1E7A4F7556}") = "ContosoUniversity.Framework", "ContosoUniversity.Framework\ContosoUniversity.Framework.csproj", "{375F6572-15AF-4A6C-9094-6802B812F144}"
EndProject
Project("{9A19103F-16F7-4668-BE54-9A1E7A4F7556}") = "ContosoUniversity.ConsoleWebJob", "ContosoUniversity.ConsoleWebJob\ContosoUniversity.ConsoleWebJob.csproj", "{44EABC39-8A9F-4A7B-BB56-60687C087F6B}"
EndProject
Project("{FAE04EC0-301F-11D3-BF4B-00C04F79EFBC}") = "ContosoUniversity.Test", "ContosoUniversity.Test\ContosoUniversity.Test.csproj", "{36B19D13-F27D-461F-A21F-4EF417C05CFC}"
EndProject
Global
	GlobalSection(SolutionConfigurationPlatforms) = preSolution
		Debug|Any CPU = Debug|Any CPU
		Release|Any CPU = Release|Any CPU
	EndGlobalSection
	GlobalSection(ProjectConfigurationPlatforms) = postSolution
		{76DDF82E-58A3-4122-844D-151CA2C81F9E}.Debug|Any CPU.ActiveCfg = Debug|Any CPU
		{76DDF82E-58A3-4122-844D-151CA2C81F9E}.Debug|Any CPU.Build.0 = Debug|Any CPU
		{76DDF82E-58A3-4122-844D-151CA2C81F9E}.Release|Any CPU.ActiveCfg = Release|Any CPU
		{76DDF82E-58A3-4122-844D-151CA2C81F9E}.Release|Any CPU.Build.0 = Release|Any CPU
		{DF42193F-5EFE-4FD1-9E14-3A4D4F7BB4AB}.Debug|Any CPU.ActiveCfg = Debug|Any CPU
		{DF42193F-5EFE-4FD1-9E14-3A4D4F7BB4AB}.Debug|Any CPU.Build.0 = Debug|Any CPU
		{DF42193F-5EFE-4FD1-9E14-3A4D4F7BB4AB}.Release|Any CPU.ActiveCfg = Release|Any CPU
		{DF42193F-5EFE-4FD1-9E14-3A4D4F7BB4AB}.Release|Any CPU.Build.0 = Release|Any CPU
		{0FC969C1-3DC0-4A33-BF27-7196E51BFD03}.Debug|Any CPU.ActiveCfg = Debug|Any CPU
		{0FC969C1-3DC0-4A33-BF27-7196E51BFD03}.Debug|Any CPU.Build.0 = Debug|Any CPU
		{0FC969C1-3DC0-4A33-BF27-7196E51BFD03}.Release|Any CPU.ActiveCfg = Release|Any CPU
		{0FC969C1-3DC0-4A33-BF27-7196E51BFD03}.Release|Any CPU.Build.0 = Release|Any CPU
		{03F149A4-D2DD-4168-855F-80785AF18340}.Debug|Any CPU.ActiveCfg = Debug|Any CPU
		{03F149A4-D2DD-4168-855F-80785AF18340}.Debug|Any CPU.Build.0 = Debug|Any CPU
		{03F149A4-D2DD-4168-855F-80785AF18340}.Release|Any CPU.ActiveCfg = Release|Any CPU
		{03F149A4-D2DD-4168-855F-80785AF18340}.Release|Any CPU.Build.0 = Release|Any CPU
		{E56A1BCA-90F3-4D03-9DD1-3361B04F4840}.Debug|Any CPU.ActiveCfg = Debug|Any CPU
		{E56A1BCA-90F3-4D03-9DD1-3361B04F4840}.Debug|Any CPU.Build.0 = Debug|Any CPU
		{E56A1BCA-90F3-4D03-9DD1-3361B04F4840}.Release|Any CPU.ActiveCfg = Release|Any CPU
		{E56A1BCA-90F3-4D03-9DD1-3361B04F4840}.Release|Any CPU.Build.0 = Release|Any CPU
		{375F6572-15AF-4A6C-9094-6802B812F144}.Debug|Any CPU.ActiveCfg = Debug|Any CPU
		{375F6572-15AF-4A6C-9094-6802B812F144}.Debug|Any CPU.Build.0 = Debug|Any CPU
		{375F6572-15AF-4A6C-9094-6802B812F144}.Release|Any CPU.ActiveCfg = Release|Any CPU
		{375F6572-15AF-4A6C-9094-6802B812F144}.Release|Any CPU.Build.0 = Release|Any CPU
		{44EABC39-8A9F-4A7B-BB56-60687C087F6B}.Debug|Any CPU.ActiveCfg = Debug|Any CPU
		{44EABC39-8A9F-4A7B-BB56-60687C087F6B}.Debug|Any CPU.Build.0 = Debug|Any CPU
		{44EABC39-8A9F-4A7B-BB56-60687C087F6B}.Release|Any CPU.ActiveCfg = Release|Any CPU
		{44EABC39-8A9F-4A7B-BB56-60687C087F6B}.Release|Any CPU.Build.0 = Release|Any CPU
		{36B19D13-F27D-461F-A21F-4EF417C05CFC}.Debug|Any CPU.ActiveCfg = Debug|Any CPU
		{36B19D13-F27D-461F-A21F-4EF417C05CFC}.Debug|Any CPU.Build.0 = Debug|Any CPU
		{36B19D13-F27D-461F-A21F-4EF417C05CFC}.Release|Any CPU.ActiveCfg = Release|Any CPU
		{36B19D13-F27D-461F-A21F-4EF417C05CFC}.Release|Any CPU.Build.0 = Release|Any CPU
	EndGlobalSection
	GlobalSection(SolutionProperties) = preSolution
		HideSolutionNode = FALSE
	EndGlobalSection
	GlobalSection(ExtensibilityGlobals) = postSolution
		SolutionGuid = {08BCE680-4B87-4F9D-AE2C-60BC289C5588}
	EndGlobalSection
EndGlobal
